
Microsoft Visual Studio Solution File, Format Version 12.00
# Visual Studio Version 16
VisualStudioVersion = 16.0.32002.261
MinimumVisualStudioVersion = 10.0.40219.1
Project("{9A19103F-16F7-4668-BE54-9A1E7A4F7556}") = "RS.Taxa.Api", "src\Taxa\RS.Taxa.Api\RS.Taxa.Api.csproj", "{ADD9651C-D0ED-4019-B992-A7F13BC9A790}"
EndProject
Project("{FAE04EC0-301F-11D3-BF4B-00C04F79EFBC}") = "RS.Calculo.Api", "src\Calculo\RS.Calculo.Api\RS.Calculo.Api.csproj", "{F8374E06-A62F-48F2-946C-2EDAD016088B}"
EndProject
Project("{FAE04EC0-301F-11D3-BF4B-00C04F79EFBC}") = "RS.Calculo.Api.TestUnit", "src\Calculo\RS.Calculo.Api.TestUnit\RS.Calculo.Api.TestUnit.csproj", "{F1C3A944-A6EE-480C-82D9-01BD1B4C6DF1}"
EndProject
Global
	GlobalSection(SolutionConfigurationPlatforms) = preSolution
		Debug|Any CPU = Debug|Any CPU
		Release|Any CPU = Release|Any CPU
	EndGlobalSection
	GlobalSection(ProjectConfigurationPlatforms) = postSolution
		{ADD9651C-D0ED-4019-B992-A7F13BC9A790}.Debug|Any CPU.ActiveCfg = Debug|Any CPU
		{ADD9651C-D0ED-4019-B992-A7F13BC9A790}.Debug|Any CPU.Build.0 = Debug|Any CPU
		{ADD9651C-D0ED-4019-B992-A7F13BC9A790}.Release|Any CPU.ActiveCfg = Release|Any CPU
		{ADD9651C-D0ED-4019-B992-A7F13BC9A790}.Release|Any CPU.Build.0 = Release|Any CPU
		{F8374E06-A62F-48F2-946C-2EDAD016088B}.Debug|Any CPU.ActiveCfg = Debug|Any CPU
		{F8374E06-A62F-48F2-946C-2EDAD016088B}.Debug|Any CPU.Build.0 = Debug|Any CPU
		{F8374E06-A62F-48F2-946C-2EDAD016088B}.Release|Any CPU.ActiveCfg = Release|Any CPU
		{F8374E06-A62F-48F2-946C-2EDAD016088B}.Release|Any CPU.Build.0 = Release|Any CPU
		{F1C3A944-A6EE-480C-82D9-01BD1B4C6DF1}.Debug|Any CPU.ActiveCfg = Debug|Any CPU
		{F1C3A944-A6EE-480C-82D9-01BD1B4C6DF1}.Debug|Any CPU.Build.0 = Debug|Any CPU
		{F1C3A944-A6EE-480C-82D9-01BD1B4C6DF1}.Release|Any CPU.ActiveCfg = Release|Any CPU
		{F1C3A944-A6EE-480C-82D9-01BD1B4C6DF1}.Release|Any CPU.Build.0 = Release|Any CPU
	EndGlobalSection
	GlobalSection(SolutionProperties) = preSolution
		HideSolutionNode = FALSE
	EndGlobalSection
	GlobalSection(ExtensibilityGlobals) = postSolution
		SolutionGuid = {4FA94ED8-9595-4C78-9DBA-5168E4990B51}
	EndGlobalSection
EndGlobal
